
Microsoft Visual Studio Solution File, Format Version 12.00
# Visual Studio Version 17
VisualStudioVersion = 17.9.34607.119
MinimumVisualStudioVersion = 10.0.40219.1
Project("{FAE04EC0-301F-11D3-BF4B-00C04F79EFBC}") = "GeneralGamepadTest", "GeneralGamepadTest\GeneralGamepadTest.csproj", "{EE4500EB-E87F-4A33-ACED-FB2B01221402}"
EndProject
Global
	GlobalSection(SolutionConfigurationPlatforms) = preSolution
		Debug|Any CPU = Debug|Any CPU
		Release|Any CPU = Release|Any CPU
	EndGlobalSection
	GlobalSection(ProjectConfigurationPlatforms) = postSolution
		{EE4500EB-E87F-4A33-ACED-FB2B01221402}.Debug|Any CPU.ActiveCfg = Debug|Any CPU
		{EE4500EB-E87F-4A33-ACED-FB2B01221402}.Debug|Any CPU.Build.0 = Debug|Any CPU
		{EE4500EB-E87F-4A33-ACED-FB2B01221402}.Release|Any CPU.ActiveCfg = Release|Any CPU
		{EE4500EB-E87F-4A33-ACED-FB2B01221402}.Release|Any CPU.Build.0 = Release|Any CPU
	EndGlobalSection
	GlobalSection(SolutionProperties) = preSolution
		HideSolutionNode = FALSE
	EndGlobalSection
	GlobalSection(ExtensibilityGlobals) = postSolution
		SolutionGuid = {5A611B84-60D6-462A-8698-3EC65394E3CB}
	EndGlobalSection
EndGlobal
