
Microsoft Visual Studio Solution File, Format Version 12.00
# Visual Studio Version 17
VisualStudioVersion = 17.5.33627.172
MinimumVisualStudioVersion = 10.0.40219.1
Project("{FAE04EC0-301F-11D3-BF4B-00C04F79EFBC}") = "vjoy-test", "vjoy-test\vjoy-test.csproj", "{7EF9D94C-133D-415D-AA7A-699B6C0A65A9}"
EndProject
Project("{FAE04EC0-301F-11D3-BF4B-00C04F79EFBC}") = "controllersvjoy", "controllersvjoy\controllersvjoy.csproj", "{299DADEC-BA19-4138-AD78-B428CD9D7572}"
EndProject
Global
	GlobalSection(SolutionConfigurationPlatforms) = preSolution
		Debug|Any CPU = Debug|Any CPU
		Debug|x86 = Debug|x86
		Release|Any CPU = Release|Any CPU
		Release|x86 = Release|x86
	EndGlobalSection
	GlobalSection(ProjectConfigurationPlatforms) = postSolution
		{7EF9D94C-133D-415D-AA7A-699B6C0A65A9}.Debug|Any CPU.ActiveCfg = Debug|Any CPU
		{7EF9D94C-133D-415D-AA7A-699B6C0A65A9}.Debug|Any CPU.Build.0 = Debug|Any CPU
		{7EF9D94C-133D-415D-AA7A-699B6C0A65A9}.Debug|x86.ActiveCfg = Debug|x86
		{7EF9D94C-133D-415D-AA7A-699B6C0A65A9}.Debug|x86.Build.0 = Debug|x86
		{7EF9D94C-133D-415D-AA7A-699B6C0A65A9}.Release|Any CPU.ActiveCfg = Release|Any CPU
		{7EF9D94C-133D-415D-AA7A-699B6C0A65A9}.Release|Any CPU.Build.0 = Release|Any CPU
		{7EF9D94C-133D-415D-AA7A-699B6C0A65A9}.Release|x86.ActiveCfg = Release|x86
		{7EF9D94C-133D-415D-AA7A-699B6C0A65A9}.Release|x86.Build.0 = Release|x86
		{299DADEC-BA19-4138-AD78-B428CD9D7572}.Debug|Any CPU.ActiveCfg = Debug|Any CPU
		{299DADEC-BA19-4138-AD78-B428CD9D7572}.Debug|Any CPU.Build.0 = Debug|Any CPU
		{299DADEC-BA19-4138-AD78-B428CD9D7572}.Debug|x86.ActiveCfg = Debug|Any CPU
		{299DADEC-BA19-4138-AD78-B428CD9D7572}.Debug|x86.Build.0 = Debug|Any CPU
		{299DADEC-BA19-4138-AD78-B428CD9D7572}.Release|Any CPU.ActiveCfg = Release|Any CPU
		{299DADEC-BA19-4138-AD78-B428CD9D7572}.Release|Any CPU.Build.0 = Release|Any CPU
		{299DADEC-BA19-4138-AD78-B428CD9D7572}.Release|x86.ActiveCfg = Release|Any CPU
		{299DADEC-BA19-4138-AD78-B428CD9D7572}.Release|x86.Build.0 = Release|Any CPU
	EndGlobalSection
	GlobalSection(SolutionProperties) = preSolution
		HideSolutionNode = FALSE
	EndGlobalSection
	GlobalSection(ExtensibilityGlobals) = postSolution
		SolutionGuid = {684EE7D8-25FB-4DE9-8450-4E862C6172C6}
	EndGlobalSection
EndGlobal
