
Microsoft Visual Studio Solution File, Format Version 12.00
# Visual Studio Version 17
VisualStudioVersion = 17.9.34607.119
MinimumVisualStudioVersion = 10.0.40219.1
Project("{FAE04EC0-301F-11D3-BF4B-00C04F79EFBC}") = "RawInputTrackApp", "RawInputTrackApp\RawInputTrackApp.csproj", "{2D7BFDF0-CB26-4631-B513-3DBA81E3C3EA}"
EndProject
Global
	GlobalSection(SolutionConfigurationPlatforms) = preSolution
		Debug|Any CPU = Debug|Any CPU
		Release|Any CPU = Release|Any CPU
	EndGlobalSection
	GlobalSection(ProjectConfigurationPlatforms) = postSolution
		{2D7BFDF0-CB26-4631-B513-3DBA81E3C3EA}.Debug|Any CPU.ActiveCfg = Debug|Any CPU
		{2D7BFDF0-CB26-4631-B513-3DBA81E3C3EA}.Debug|Any CPU.Build.0 = Debug|Any CPU
		{2D7BFDF0-CB26-4631-B513-3DBA81E3C3EA}.Release|Any CPU.ActiveCfg = Release|Any CPU
		{2D7BFDF0-CB26-4631-B513-3DBA81E3C3EA}.Release|Any CPU.Build.0 = Release|Any CPU
	EndGlobalSection
	GlobalSection(SolutionProperties) = preSolution
		HideSolutionNode = FALSE
	EndGlobalSection
	GlobalSection(ExtensibilityGlobals) = postSolution
		SolutionGuid = {4BB09F3D-00AA-4581-B7A8-072F3578B90A}
	EndGlobalSection
EndGlobal
