
Microsoft Visual Studio Solution File, Format Version 12.00
# Visual Studio Version 17
VisualStudioVersion = 17.9.34607.119
MinimumVisualStudioVersion = 10.0.40219.1
Project("{FAE04EC0-301F-11D3-BF4B-00C04F79EFBC}") = "GeneralKeyboardTest", "GeneralKeyboardTest\GeneralKeyboardTest.csproj", "{1829C39B-03C6-4F40-AD64-CCC652697C54}"
EndProject
Global
	GlobalSection(SolutionConfigurationPlatforms) = preSolution
		Debug|Any CPU = Debug|Any CPU
		Debug|x86 = Debug|x86
		Release|Any CPU = Release|Any CPU
		Release|x86 = Release|x86
	EndGlobalSection
	GlobalSection(ProjectConfigurationPlatforms) = postSolution
		{1829C39B-03C6-4F40-AD64-CCC652697C54}.Debug|Any CPU.ActiveCfg = Debug|Any CPU
		{1829C39B-03C6-4F40-AD64-CCC652697C54}.Debug|Any CPU.Build.0 = Debug|Any CPU
		{1829C39B-03C6-4F40-AD64-CCC652697C54}.Debug|x86.ActiveCfg = Debug|x86
		{1829C39B-03C6-4F40-AD64-CCC652697C54}.Debug|x86.Build.0 = Debug|x86
		{1829C39B-03C6-4F40-AD64-CCC652697C54}.Release|Any CPU.ActiveCfg = Release|Any CPU
		{1829C39B-03C6-4F40-AD64-CCC652697C54}.Release|Any CPU.Build.0 = Release|Any CPU
		{1829C39B-03C6-4F40-AD64-CCC652697C54}.Release|x86.ActiveCfg = Release|x86
		{1829C39B-03C6-4F40-AD64-CCC652697C54}.Release|x86.Build.0 = Release|x86
	EndGlobalSection
	GlobalSection(SolutionProperties) = preSolution
		HideSolutionNode = FALSE
	EndGlobalSection
	GlobalSection(ExtensibilityGlobals) = postSolution
		SolutionGuid = {D18257D8-5735-4B63-A406-EDBF1BC42FBB}
	EndGlobalSection
EndGlobal
