
Microsoft Visual Studio Solution File, Format Version 12.00
# Visual Studio Version 17
VisualStudioVersion = 17.8.34330.188
MinimumVisualStudioVersion = 10.0.40219.1
Project("{FAE04EC0-301F-11D3-BF4B-00C04F79EFBC}") = "SharpDX.DirectInput", "SharpDX.DirectInput\SharpDX.DirectInput.csproj", "{1B500C91-651C-46D7-B5EF-11292C33FCA4}"
EndProject
Project("{FAE04EC0-301F-11D3-BF4B-00C04F79EFBC}") = "SharpDX", "..\SharpDX\SharpDX\SharpDX.csproj", "{0C1160E3-FCBE-49E1-8090-F4F958691B3F}"
EndProject
Global
	GlobalSection(SolutionConfigurationPlatforms) = preSolution
		Debug|Any CPU = Debug|Any CPU
		Release|Any CPU = Release|Any CPU
	EndGlobalSection
	GlobalSection(ProjectConfigurationPlatforms) = postSolution
		{1B500C91-651C-46D7-B5EF-11292C33FCA4}.Debug|Any CPU.ActiveCfg = Debug|Any CPU
		{1B500C91-651C-46D7-B5EF-11292C33FCA4}.Debug|Any CPU.Build.0 = Debug|Any CPU
		{1B500C91-651C-46D7-B5EF-11292C33FCA4}.Release|Any CPU.ActiveCfg = Release|Any CPU
		{1B500C91-651C-46D7-B5EF-11292C33FCA4}.Release|Any CPU.Build.0 = Release|Any CPU
		{0C1160E3-FCBE-49E1-8090-F4F958691B3F}.Debug|Any CPU.ActiveCfg = Debug|Any CPU
		{0C1160E3-FCBE-49E1-8090-F4F958691B3F}.Debug|Any CPU.Build.0 = Debug|Any CPU
		{0C1160E3-FCBE-49E1-8090-F4F958691B3F}.Release|Any CPU.ActiveCfg = Release|Any CPU
		{0C1160E3-FCBE-49E1-8090-F4F958691B3F}.Release|Any CPU.Build.0 = Release|Any CPU
	EndGlobalSection
	GlobalSection(SolutionProperties) = preSolution
		HideSolutionNode = FALSE
	EndGlobalSection
	GlobalSection(ExtensibilityGlobals) = postSolution
		SolutionGuid = {D73E0AB0-933E-4A60-ACA0-343DA2AA9D1B}
	EndGlobalSection
EndGlobal
