
Microsoft Visual Studio Solution File, Format Version 12.00
# Visual Studio Version 17
VisualStudioVersion = 17.1.32319.34
MinimumVisualStudioVersion = 10.0.40219.1
Project("{FAE04EC0-301F-11D3-BF4B-00C04F79EFBC}") = "GenericGamepadTest", "GenericGamepadTest\GenericGamepadTest.csproj", "{3B28808B-CD4C-488F-85CD-101C0A429317}"
EndProject
Global
	GlobalSection(SolutionConfigurationPlatforms) = preSolution
		Debug|Any CPU = Debug|Any CPU
		Release|Any CPU = Release|Any CPU
	EndGlobalSection
	GlobalSection(ProjectConfigurationPlatforms) = postSolution
		{3B28808B-CD4C-488F-85CD-101C0A429317}.Debug|Any CPU.ActiveCfg = Debug|Any CPU
		{3B28808B-CD4C-488F-85CD-101C0A429317}.Debug|Any CPU.Build.0 = Debug|Any CPU
		{3B28808B-CD4C-488F-85CD-101C0A429317}.Release|Any CPU.ActiveCfg = Release|Any CPU
		{3B28808B-CD4C-488F-85CD-101C0A429317}.Release|Any CPU.Build.0 = Release|Any CPU
	EndGlobalSection
	GlobalSection(SolutionProperties) = preSolution
		HideSolutionNode = FALSE
	EndGlobalSection
	GlobalSection(ExtensibilityGlobals) = postSolution
		SolutionGuid = {99BA4A79-57EC-4136-8D56-B85AFB8C3A1E}
	EndGlobalSection
EndGlobal
