
Microsoft Visual Studio Solution File, Format Version 12.00
# Visual Studio Version 17
VisualStudioVersion = 17.8.34330.188
MinimumVisualStudioVersion = 10.0.40219.1
Project("{FAE04EC0-301F-11D3-BF4B-00C04F79EFBC}") = "WiimoteTest", "WiimoteTest\WiimoteTest.csproj", "{2F341269-FB6F-438A-9E9A-9C96888AEA17}"
EndProject
Project("{FAE04EC0-301F-11D3-BF4B-00C04F79EFBC}") = "Wiimotes", "Wiimotes\Wiimotes.csproj", "{DECEF456-9E08-41E6-B7C3-E4623A4ECF99}"
EndProject
Global
	GlobalSection(SolutionConfigurationPlatforms) = preSolution
		Debug|Any CPU = Debug|Any CPU
		Release|Any CPU = Release|Any CPU
	EndGlobalSection
	GlobalSection(ProjectConfigurationPlatforms) = postSolution
		{2F341269-FB6F-438A-9E9A-9C96888AEA17}.Debug|Any CPU.ActiveCfg = Debug|Any CPU
		{2F341269-FB6F-438A-9E9A-9C96888AEA17}.Debug|Any CPU.Build.0 = Debug|Any CPU
		{2F341269-FB6F-438A-9E9A-9C96888AEA17}.Release|Any CPU.ActiveCfg = Release|Any CPU
		{2F341269-FB6F-438A-9E9A-9C96888AEA17}.Release|Any CPU.Build.0 = Release|Any CPU
		{DECEF456-9E08-41E6-B7C3-E4623A4ECF99}.Debug|Any CPU.ActiveCfg = Debug|Any CPU
		{DECEF456-9E08-41E6-B7C3-E4623A4ECF99}.Debug|Any CPU.Build.0 = Debug|Any CPU
		{DECEF456-9E08-41E6-B7C3-E4623A4ECF99}.Release|Any CPU.ActiveCfg = Release|Any CPU
		{DECEF456-9E08-41E6-B7C3-E4623A4ECF99}.Release|Any CPU.Build.0 = Release|Any CPU
	EndGlobalSection
	GlobalSection(SolutionProperties) = preSolution
		HideSolutionNode = FALSE
	EndGlobalSection
	GlobalSection(ExtensibilityGlobals) = postSolution
		SolutionGuid = {C61A6CCB-A44E-44D0-B4FF-D93191EE4C20}
	EndGlobalSection
EndGlobal
