
Microsoft Visual Studio Solution File, Format Version 12.00
# Visual Studio Version 17
VisualStudioVersion = 17.5.33627.172
MinimumVisualStudioVersion = 10.0.40219.1
Project("{FAE04EC0-301F-11D3-BF4B-00C04F79EFBC}") = "VirtualDualshock4-test", "VirtualDualshock4-test\VirtualDualshock4-test.csproj", "{299A541A-EDAB-4387-9C3E-7F1AD6D08086}"
EndProject
Project("{FAE04EC0-301F-11D3-BF4B-00C04F79EFBC}") = "controllerds4", "controllerds4\controllerds4.csproj", "{E9F7EB90-1542-47C5-B9D3-7AD8DC4B5438}"
EndProject
Global
	GlobalSection(SolutionConfigurationPlatforms) = preSolution
		Debug|Any CPU = Debug|Any CPU
		Release|Any CPU = Release|Any CPU
	EndGlobalSection
	GlobalSection(ProjectConfigurationPlatforms) = postSolution
		{299A541A-EDAB-4387-9C3E-7F1AD6D08086}.Debug|Any CPU.ActiveCfg = Debug|Any CPU
		{299A541A-EDAB-4387-9C3E-7F1AD6D08086}.Debug|Any CPU.Build.0 = Debug|Any CPU
		{299A541A-EDAB-4387-9C3E-7F1AD6D08086}.Release|Any CPU.ActiveCfg = Release|Any CPU
		{299A541A-EDAB-4387-9C3E-7F1AD6D08086}.Release|Any CPU.Build.0 = Release|Any CPU
		{E9F7EB90-1542-47C5-B9D3-7AD8DC4B5438}.Debug|Any CPU.ActiveCfg = Debug|Any CPU
		{E9F7EB90-1542-47C5-B9D3-7AD8DC4B5438}.Debug|Any CPU.Build.0 = Debug|Any CPU
		{E9F7EB90-1542-47C5-B9D3-7AD8DC4B5438}.Release|Any CPU.ActiveCfg = Release|Any CPU
		{E9F7EB90-1542-47C5-B9D3-7AD8DC4B5438}.Release|Any CPU.Build.0 = Release|Any CPU
	EndGlobalSection
	GlobalSection(SolutionProperties) = preSolution
		HideSolutionNode = FALSE
	EndGlobalSection
	GlobalSection(ExtensibilityGlobals) = postSolution
		SolutionGuid = {5874A2AB-DAAC-4FE5-9229-61C16CF9ABFE}
	EndGlobalSection
EndGlobal
